
Microsoft Visual Studio Solution File, Format Version 12.00
# Visual Studio Version 16
VisualStudioVersion = 16.0.31424.327
MinimumVisualStudioVersion = 10.0.40219.1
Project("{FAE04EC0-301F-11D3-BF4B-00C04F79EFBC}") = "UnigisWebSite", "UnigisWebSite\UnigisWebSite.csproj", "{90C427BB-E331-4F19-A57E-26C7B887EABE}"
EndProject
Global
	GlobalSection(SolutionConfigurationPlatforms) = preSolution
		Debug|Any CPU = Debug|Any CPU
		Release|Any CPU = Release|Any CPU
	EndGlobalSection
	GlobalSection(ProjectConfigurationPlatforms) = postSolution
		{90C427BB-E331-4F19-A57E-26C7B887EABE}.Debug|Any CPU.ActiveCfg = Debug|Any CPU
		{90C427BB-E331-4F19-A57E-26C7B887EABE}.Debug|Any CPU.Build.0 = Debug|Any CPU
		{90C427BB-E331-4F19-A57E-26C7B887EABE}.Release|Any CPU.ActiveCfg = Release|Any CPU
		{90C427BB-E331-4F19-A57E-26C7B887EABE}.Release|Any CPU.Build.0 = Release|Any CPU
	EndGlobalSection
	GlobalSection(SolutionProperties) = preSolution
		HideSolutionNode = FALSE
	EndGlobalSection
	GlobalSection(ExtensibilityGlobals) = postSolution
		SolutionGuid = {4A4B60F9-CE7A-402E-BA28-D2902F872B9C}
	EndGlobalSection
EndGlobal
